
Microsoft Visual Studio Solution File, Format Version 12.00
# Visual Studio Version 16
VisualStudioVersion = 16.0.31729.503
MinimumVisualStudioVersion = 10.0.40219.1
Project("{FAE04EC0-301F-11D3-BF4B-00C04F79EFBC}") = "Assignment3RemoveDuplicatesfromArray", "Assignment3RemoveDuplicatesfromArray\Assignment3RemoveDuplicatesfromArray.csproj", "{8FA36A97-5CB1-431B-A3F5-8D1458E454BE}"
EndProject
Global
	GlobalSection(SolutionConfigurationPlatforms) = preSolution
		Debug|Any CPU = Debug|Any CPU
		Release|Any CPU = Release|Any CPU
	EndGlobalSection
	GlobalSection(ProjectConfigurationPlatforms) = postSolution
		{8FA36A97-5CB1-431B-A3F5-8D1458E454BE}.Debug|Any CPU.ActiveCfg = Debug|Any CPU
		{8FA36A97-5CB1-431B-A3F5-8D1458E454BE}.Debug|Any CPU.Build.0 = Debug|Any CPU
		{8FA36A97-5CB1-431B-A3F5-8D1458E454BE}.Release|Any CPU.ActiveCfg = Release|Any CPU
		{8FA36A97-5CB1-431B-A3F5-8D1458E454BE}.Release|Any CPU.Build.0 = Release|Any CPU
	EndGlobalSection
	GlobalSection(SolutionProperties) = preSolution
		HideSolutionNode = FALSE
	EndGlobalSection
	GlobalSection(ExtensibilityGlobals) = postSolution
		SolutionGuid = {4B53CF84-17C6-4013-A6A0-400EE02D9AC8}
	EndGlobalSection
EndGlobal
